
Microsoft Visual Studio Solution File, Format Version 12.00
# Visual Studio Version 17
VisualStudioVersion = 17.3.32901.215
MinimumVisualStudioVersion = 10.0.40219.1
Project("{FAE04EC0-301F-11D3-BF4B-00C04F79EFBC}") = "BestBy.UWP", "BestBy\BestBy.UWP\BestBy.UWP.csproj", "{A8AD2980-303B-4199-B1D3-25CADFED8375}"
EndProject
Project("{FAE04EC0-301F-11D3-BF4B-00C04F79EFBC}") = "BestBy.Android", "BestBy\BestBy.Android\BestBy.Android.csproj", "{0A437709-6C93-41B3-89E8-12FF72583F6D}"
EndProject
Project("{FAE04EC0-301F-11D3-BF4B-00C04F79EFBC}") = "BestBy.iOS", "BestBy\BestBy.iOS\BestBy.iOS.csproj", "{D4632784-6A2B-4419-AB76-17554A5C9942}"
EndProject
Project("{FAE04EC0-301F-11D3-BF4B-00C04F79EFBC}") = "BestBy", "BestBy\BestBy\BestBy.csproj", "{F84222EE-DB63-4A71-B887-001DC1F95B6F}"
EndProject
Global
	GlobalSection(SolutionConfigurationPlatforms) = preSolution
		Debug|Any CPU = Debug|Any CPU
		Debug|ARM = Debug|ARM
		Debug|iPhone = Debug|iPhone
		Debug|iPhoneSimulator = Debug|iPhoneSimulator
		Debug|x64 = Debug|x64
		Debug|x86 = Debug|x86
		Release|Any CPU = Release|Any CPU
		Release|ARM = Release|ARM
		Release|iPhone = Release|iPhone
		Release|iPhoneSimulator = Release|iPhoneSimulator
		Release|x64 = Release|x64
		Release|x86 = Release|x86
	EndGlobalSection
	GlobalSection(ProjectConfigurationPlatforms) = postSolution
		{A8AD2980-303B-4199-B1D3-25CADFED8375}.Debug|Any CPU.ActiveCfg = Debug|x64
		{A8AD2980-303B-4199-B1D3-25CADFED8375}.Debug|Any CPU.Build.0 = Debug|x64
		{A8AD2980-303B-4199-B1D3-25CADFED8375}.Debug|Any CPU.Deploy.0 = Debug|x64
		{A8AD2980-303B-4199-B1D3-25CADFED8375}.Debug|ARM.ActiveCfg = Debug|ARM
		{A8AD2980-303B-4199-B1D3-25CADFED8375}.Debug|ARM.Build.0 = Debug|ARM
		{A8AD2980-303B-4199-B1D3-25CADFED8375}.Debug|ARM.Deploy.0 = Debug|ARM
		{A8AD2980-303B-4199-B1D3-25CADFED8375}.Debug|iPhone.ActiveCfg = Debug|x64
		{A8AD2980-303B-4199-B1D3-25CADFED8375}.Debug|iPhone.Build.0 = Debug|x64
		{A8AD2980-303B-4199-B1D3-25CADFED8375}.Debug|iPhone.Deploy.0 = Debug|x64
		{A8AD2980-303B-4199-B1D3-25CADFED8375}.Debug|iPhoneSimulator.ActiveCfg = Debug|x64
		{A8AD2980-303B-4199-B1D3-25CADFED8375}.Debug|iPhoneSimulator.Build.0 = Debug|x64
		{A8AD2980-303B-4199-B1D3-25CADFED8375}.Debug|iPhoneSimulator.Deploy.0 = Debug|x64
		{A8AD2980-303B-4199-B1D3-25CADFED8375}.Debug|x64.ActiveCfg = Debug|x64
		{A8AD2980-303B-4199-B1D3-25CADFED8375}.Debug|x64.Build.0 = Debug|x64
		{A8AD2980-303B-4199-B1D3-25CADFED8375}.Debug|x64.Deploy.0 = Debug|x64
		{A8AD2980-303B-4199-B1D3-25CADFED8375}.Debug|x86.ActiveCfg = Debug|x86
		{A8AD2980-303B-4199-B1D3-25CADFED8375}.Debug|x86.Build.0 = Debug|x86
		{A8AD2980-303B-4199-B1D3-25CADFED8375}.Debug|x86.Deploy.0 = Debug|x86
		{A8AD2980-303B-4199-B1D3-25CADFED8375}.Release|Any CPU.ActiveCfg = Release|x64
		{A8AD2980-303B-4199-B1D3-25CADFED8375}.Release|Any CPU.Build.0 = Release|x64
		{A8AD2980-303B-4199-B1D3-25CADFED8375}.Release|Any CPU.Deploy.0 = Release|x64
		{A8AD2980-303B-4199-B1D3-25CADFED8375}.Release|ARM.ActiveCfg = Release|ARM
		{A8AD2980-303B-4199-B1D3-25CADFED8375}.Release|ARM.Build.0 = Release|ARM
		{A8AD2980-303B-4199-B1D3-25CADFED8375}.Release|ARM.Deploy.0 = Release|ARM
		{A8AD2980-303B-4199-B1D3-25CADFED8375}.Release|iPhone.ActiveCfg = Release|x64
		{A8AD2980-303B-4199-B1D3-25CADFED8375}.Release|iPhone.Build.0 = Release|x64
		{A8AD2980-303B-4199-B1D3-25CADFED8375}.Release|iPhone.Deploy.0 = Release|x64
		{A8AD2980-303B-4199-B1D3-25CADFED8375}.Release|iPhoneSimulator.ActiveCfg = Release|x64
		{A8AD2980-303B-4199-B1D3-25CADFED8375}.Release|iPhoneSimulator.Build.0 = Release|x64
		{A8AD2980-303B-4199-B1D3-25CADFED8375}.Release|iPhoneSimulator.Deploy.0 = Release|x64
		{A8AD2980-303B-4199-B1D3-25CADFED8375}.Release|x64.ActiveCfg = Release|x64
		{A8AD2980-303B-4199-B1D3-25CADFED8375}.Release|x64.Build.0 = Release|x64
		{A8AD2980-303B-4199-B1D3-25CADFED8375}.Release|x64.Deploy.0 = Release|x64
		{A8AD2980-303B-4199-B1D3-25CADFED8375}.Release|x86.ActiveCfg = Release|x86
		{A8AD2980-303B-4199-B1D3-25CADFED8375}.Release|x86.Build.0 = Release|x86
		{A8AD2980-303B-4199-B1D3-25CADFED8375}.Release|x86.Deploy.0 = Release|x86
		{0A437709-6C93-41B3-89E8-12FF72583F6D}.Debug|Any CPU.ActiveCfg = Debug|Any CPU
		{0A437709-6C93-41B3-89E8-12FF72583F6D}.Debug|Any CPU.Build.0 = Debug|Any CPU
		{0A437709-6C93-41B3-89E8-12FF72583F6D}.Debug|Any CPU.Deploy.0 = Debug|Any CPU
		{0A437709-6C93-41B3-89E8-12FF72583F6D}.Debug|ARM.ActiveCfg = Debug|Any CPU
		{0A437709-6C93-41B3-89E8-12FF72583F6D}.Debug|ARM.Build.0 = Debug|Any CPU
		{0A437709-6C93-41B3-89E8-12FF72583F6D}.Debug|ARM.Deploy.0 = Debug|Any CPU
		{0A437709-6C93-41B3-89E8-12FF72583F6D}.Debug|iPhone.ActiveCfg = Debug|Any CPU
		{0A437709-6C93-41B3-89E8-12FF72583F6D}.Debug|iPhone.Build.0 = Debug|Any CPU
		{0A437709-6C93-41B3-89E8-12FF72583F6D}.Debug|iPhone.Deploy.0 = Debug|Any CPU
		{0A437709-6C93-41B3-89E8-12FF72583F6D}.Debug|iPhoneSimulator.ActiveCfg = Debug|Any CPU
		{0A437709-6C93-41B3-89E8-12FF72583F6D}.Debug|iPhoneSimulator.Build.0 = Debug|Any CPU
		{0A437709-6C93-41B3-89E8-12FF72583F6D}.Debug|iPhoneSimulator.Deploy.0 = Debug|Any CPU
		{0A437709-6C93-41B3-89E8-12FF72583F6D}.Debug|x64.ActiveCfg = Debug|Any CPU
		{0A437709-6C93-41B3-89E8-12FF72583F6D}.Debug|x64.Build.0 = Debug|Any CPU
		{0A437709-6C93-41B3-89E8-12FF72583F6D}.Debug|x64.Deploy.0 = Debug|Any CPU
		{0A437709-6C93-41B3-89E8-12FF72583F6D}.Debug|x86.ActiveCfg = Debug|Any CPU
		{0A437709-6C93-41B3-89E8-12FF72583F6D}.Debug|x86.Build.0 = Debug|Any CPU
		{0A437709-6C93-41B3-89E8-12FF72583F6D}.Debug|x86.Deploy.0 = Debug|Any CPU
		{0A437709-6C93-41B3-89E8-12FF72583F6D}.Release|Any CPU.ActiveCfg = Release|Any CPU
		{0A437709-6C93-41B3-89E8-12FF72583F6D}.Release|Any CPU.Build.0 = Release|Any CPU
		{0A437709-6C93-41B3-89E8-12FF72583F6D}.Release|Any CPU.Deploy.0 = Release|Any CPU
		{0A437709-6C93-41B3-89E8-12FF72583F6D}.Release|ARM.ActiveCfg = Release|Any CPU
		{0A437709-6C93-41B3-89E8-12FF72583F6D}.Release|ARM.Build.0 = Release|Any CPU
		{0A437709-6C93-41B3-89E8-12FF72583F6D}.Release|ARM.Deploy.0 = Release|Any CPU
		{0A437709-6C93-41B3-89E8-12FF72583F6D}.Release|iPhone.ActiveCfg = Release|Any CPU
		{0A437709-6C93-41B3-89E8-12FF72583F6D}.Release|iPhone.Build.0 = Release|Any CPU
		{0A437709-6C93-41B3-89E8-12FF72583F6D}.Release|iPhone.Deploy.0 = Release|Any CPU
		{0A437709-6C93-41B3-89E8-12FF72583F6D}.Release|iPhoneSimulator.ActiveCfg = Release|Any CPU
		{0A437709-6C93-41B3-89E8-12FF72583F6D}.Release|iPhoneSimulator.Build.0 = Release|Any CPU
		{0A437709-6C93-41B3-89E8-12FF72583F6D}.Release|iPhoneSimulator.Deploy.0 = Release|Any CPU
		{0A437709-6C93-41B3-89E8-12FF72583F6D}.Release|x64.ActiveCfg = Release|Any CPU
		{0A437709-6C93-41B3-89E8-12FF72583F6D}.Release|x64.Build.0 = Release|Any CPU
		{0A437709-6C93-41B3-89E8-12FF72583F6D}.Release|x64.Deploy.0 = Release|Any CPU
		{0A437709-6C93-41B3-89E8-12FF72583F6D}.Release|x86.ActiveCfg = Release|Any CPU
		{0A437709-6C93-41B3-89E8-12FF72583F6D}.Release|x86.Build.0 = Release|Any CPU
		{0A437709-6C93-41B3-89E8-12FF72583F6D}.Release|x86.Deploy.0 = Release|Any CPU
		{D4632784-6A2B-4419-AB76-17554A5C9942}.Debug|Any CPU.ActiveCfg = Debug|iPhoneSimulator
		{D4632784-6A2B-4419-AB76-17554A5C9942}.Debug|Any CPU.Build.0 = Debug|iPhoneSimulator
		{D4632784-6A2B-4419-AB76-17554A5C9942}.Debug|Any CPU.Deploy.0 = Debug|iPhoneSimulator
		{D4632784-6A2B-4419-AB76-17554A5C9942}.Debug|ARM.ActiveCfg = Debug|iPhoneSimulator
		{D4632784-6A2B-4419-AB76-17554A5C9942}.Debug|ARM.Build.0 = Debug|iPhoneSimulator
		{D4632784-6A2B-4419-AB76-17554A5C9942}.Debug|ARM.Deploy.0 = Debug|iPhoneSimulator
		{D4632784-6A2B-4419-AB76-17554A5C9942}.Debug|iPhone.ActiveCfg = Debug|iPhone
		{D4632784-6A2B-4419-AB76-17554A5C9942}.Debug|iPhone.Build.0 = Debug|iPhone
		{D4632784-6A2B-4419-AB76-17554A5C9942}.Debug|iPhone.Deploy.0 = Debug|iPhone
		{D4632784-6A2B-4419-AB76-17554A5C9942}.Debug|iPhoneSimulator.ActiveCfg = Debug|iPhoneSimulator
		{D4632784-6A2B-4419-AB76-17554A5C9942}.Debug|iPhoneSimulator.Build.0 = Debug|iPhoneSimulator
		{D4632784-6A2B-4419-AB76-17554A5C9942}.Debug|iPhoneSimulator.Deploy.0 = Debug|iPhoneSimulator
		{D4632784-6A2B-4419-AB76-17554A5C9942}.Debug|x64.ActiveCfg = Debug|iPhone
		{D4632784-6A2B-4419-AB76-17554A5C9942}.Debug|x64.Build.0 = Debug|iPhone
		{D4632784-6A2B-4419-AB76-17554A5C9942}.Debug|x64.Deploy.0 = Debug|iPhone
		{D4632784-6A2B-4419-AB76-17554A5C9942}.Debug|x86.ActiveCfg = Debug|iPhoneSimulator
		{D4632784-6A2B-4419-AB76-17554A5C9942}.Debug|x86.Build.0 = Debug|iPhoneSimulator
		{D4632784-6A2B-4419-AB76-17554A5C9942}.Debug|x86.Deploy.0 = Debug|iPhoneSimulator
		{D4632784-6A2B-4419-AB76-17554A5C9942}.Release|Any CPU.ActiveCfg = Release|iPhoneSimulator
		{D4632784-6A2B-4419-AB76-17554A5C9942}.Release|Any CPU.Build.0 = Release|iPhoneSimulator
		{D4632784-6A2B-4419-AB76-17554A5C9942}.Release|Any CPU.Deploy.0 = Release|iPhoneSimulator
		{D4632784-6A2B-4419-AB76-17554A5C9942}.Release|ARM.ActiveCfg = Release|iPhoneSimulator
		{D4632784-6A2B-4419-AB76-17554A5C9942}.Release|ARM.Build.0 = Release|iPhoneSimulator
		{D4632784-6A2B-4419-AB76-17554A5C9942}.Release|ARM.Deploy.0 = Release|iPhoneSimulator
		{D4632784-6A2B-4419-AB76-17554A5C9942}.Release|iPhone.ActiveCfg = Release|iPhone
		{D4632784-6A2B-4419-AB76-17554A5C9942}.Release|iPhone.Build.0 = Release|iPhone
		{D4632784-6A2B-4419-AB76-17554A5C9942}.Release|iPhone.Deploy.0 = Release|iPhone
		{D4632784-6A2B-4419-AB76-17554A5C9942}.Release|iPhoneSimulator.ActiveCfg = Release|iPhoneSimulator
		{D4632784-6A2B-4419-AB76-17554A5C9942}.Release|iPhoneSimulator.Build.0 = Release|iPhoneSimulator
		{D4632784-6A2B-4419-AB76-17554A5C9942}.Release|iPhoneSimulator.Deploy.0 = Release|iPhoneSimulator
		{D4632784-6A2B-4419-AB76-17554A5C9942}.Release|x64.ActiveCfg = Release|iPhoneSimulator
		{D4632784-6A2B-4419-AB76-17554A5C9942}.Release|x64.Build.0 = Release|iPhoneSimulator
		{D4632784-6A2B-4419-AB76-17554A5C9942}.Release|x64.Deploy.0 = Release|iPhoneSimulator
		{D4632784-6A2B-4419-AB76-17554A5C9942}.Release|x86.ActiveCfg = Release|iPhoneSimulator
		{D4632784-6A2B-4419-AB76-17554A5C9942}.Release|x86.Build.0 = Release|iPhoneSimulator
		{D4632784-6A2B-4419-AB76-17554A5C9942}.Release|x86.Deploy.0 = Release|iPhoneSimulator
		{F84222EE-DB63-4A71-B887-001DC1F95B6F}.Debug|Any CPU.ActiveCfg = Debug|Any CPU
		{F84222EE-DB63-4A71-B887-001DC1F95B6F}.Debug|Any CPU.Build.0 = Debug|Any CPU
		{F84222EE-DB63-4A71-B887-001DC1F95B6F}.Debug|Any CPU.Deploy.0 = Debug|Any CPU
		{F84222EE-DB63-4A71-B887-001DC1F95B6F}.Debug|ARM.ActiveCfg = Debug|Any CPU
		{F84222EE-DB63-4A71-B887-001DC1F95B6F}.Debug|ARM.Build.0 = Debug|Any CPU
		{F84222EE-DB63-4A71-B887-001DC1F95B6F}.Debug|ARM.Deploy.0 = Debug|Any CPU
		{F84222EE-DB63-4A71-B887-001DC1F95B6F}.Debug|iPhone.ActiveCfg = Debug|Any CPU
		{F84222EE-DB63-4A71-B887-001DC1F95B6F}.Debug|iPhone.Build.0 = Debug|Any CPU
		{F84222EE-DB63-4A71-B887-001DC1F95B6F}.Debug|iPhone.Deploy.0 = Debug|Any CPU
		{F84222EE-DB63-4A71-B887-001DC1F95B6F}.Debug|iPhoneSimulator.ActiveCfg = Debug|Any CPU
		{F84222EE-DB63-4A71-B887-001DC1F95B6F}.Debug|iPhoneSimulator.Build.0 = Debug|Any CPU
		{F84222EE-DB63-4A71-B887-001DC1F95B6F}.Debug|iPhoneSimulator.Deploy.0 = Debug|Any CPU
		{F84222EE-DB63-4A71-B887-001DC1F95B6F}.Debug|x64.ActiveCfg = Debug|Any CPU
		{F84222EE-DB63-4A71-B887-001DC1F95B6F}.Debug|x64.Build.0 = Debug|Any CPU
		{F84222EE-DB63-4A71-B887-001DC1F95B6F}.Debug|x64.Deploy.0 = Debug|Any CPU
		{F84222EE-DB63-4A71-B887-001DC1F95B6F}.Debug|x86.ActiveCfg = Debug|Any CPU
		{F84222EE-DB63-4A71-B887-001DC1F95B6F}.Debug|x86.Build.0 = Debug|Any CPU
		{F84222EE-DB63-4A71-B887-001DC1F95B6F}.Debug|x86.Deploy.0 = Debug|Any CPU
		{F84222EE-DB63-4A71-B887-001DC1F95B6F}.Release|Any CPU.ActiveCfg = Release|Any CPU
		{F84222EE-DB63-4A71-B887-001DC1F95B6F}.Release|Any CPU.Build.0 = Release|Any CPU
		{F84222EE-DB63-4A71-B887-001DC1F95B6F}.Release|Any CPU.Deploy.0 = Release|Any CPU
		{F84222EE-DB63-4A71-B887-001DC1F95B6F}.Release|ARM.ActiveCfg = Release|Any CPU
		{F84222EE-DB63-4A71-B887-001DC1F95B6F}.Release|ARM.Build.0 = Release|Any CPU
		{F84222EE-DB63-4A71-B887-001DC1F95B6F}.Release|ARM.Deploy.0 = Release|Any CPU
		{F84222EE-DB63-4A71-B887-001DC1F95B6F}.Release|iPhone.ActiveCfg = Release|Any CPU
		{F84222EE-DB63-4A71-B887-001DC1F95B6F}.Release|iPhone.Build.0 = Release|Any CPU
		{F84222EE-DB63-4A71-B887-001DC1F95B6F}.Release|iPhone.Deploy.0 = Release|Any CPU
		{F84222EE-DB63-4A71-B887-001DC1F95B6F}.Release|iPhoneSimulator.ActiveCfg = Release|Any CPU
		{F84222EE-DB63-4A71-B887-001DC1F95B6F}.Release|iPhoneSimulator.Build.0 = Release|Any CPU
		{F84222EE-DB63-4A71-B887-001DC1F95B6F}.Release|iPhoneSimulator.Deploy.0 = Release|Any CPU
		{F84222EE-DB63-4A71-B887-001DC1F95B6F}.Release|x64.ActiveCfg = Release|Any CPU
		{F84222EE-DB63-4A71-B887-001DC1F95B6F}.Release|x64.Build.0 = Release|Any CPU
		{F84222EE-DB63-4A71-B887-001DC1F95B6F}.Release|x64.Deploy.0 = Release|Any CPU
		{F84222EE-DB63-4A71-B887-001DC1F95B6F}.Release|x86.ActiveCfg = Release|Any CPU
		{F84222EE-DB63-4A71-B887-001DC1F95B6F}.Release|x86.Build.0 = Release|Any CPU
		{F84222EE-DB63-4A71-B887-001DC1F95B6F}.Release|x86.Deploy.0 = Release|Any CPU
	EndGlobalSection
	GlobalSection(SolutionProperties) = preSolution
		HideSolutionNode = FALSE
	EndGlobalSection
	GlobalSection(ExtensibilityGlobals) = postSolution
		SolutionGuid = {D3352CAA-36DB-4A18-A3FA-6A5794306FBA}
	EndGlobalSection
EndGlobal
